
Microsoft Visual Studio Solution File, Format Version 12.00
# Visual Studio Version 17
VisualStudioVersion = 17.5.33516.290
MinimumVisualStudioVersion = 10.0.40219.1
Project("{FAE04EC0-301F-11D3-BF4B-00C04F79EFBC}") = "DockerizedotNetApp", "DockerizedotNetApp\DockerizedotNetApp.csproj", "{85818802-78BF-4E63-A607-5EB2665653C5}"
EndProject
Project("{E53339B2-1760-4266-BCC7-CA923CBCF16C}") = "docker-compose", "docker-compose.dcproj", "{7263D4BD-FCD4-457B-8C47-49CE8FBE3CFA}"
EndProject
Global
	GlobalSection(SolutionConfigurationPlatforms) = preSolution
		Debug|Any CPU = Debug|Any CPU
		Release|Any CPU = Release|Any CPU
	EndGlobalSection
	GlobalSection(ProjectConfigurationPlatforms) = postSolution
		{85818802-78BF-4E63-A607-5EB2665653C5}.Debug|Any CPU.ActiveCfg = Debug|Any CPU
		{85818802-78BF-4E63-A607-5EB2665653C5}.Debug|Any CPU.Build.0 = Debug|Any CPU
		{85818802-78BF-4E63-A607-5EB2665653C5}.Release|Any CPU.ActiveCfg = Release|Any CPU
		{85818802-78BF-4E63-A607-5EB2665653C5}.Release|Any CPU.Build.0 = Release|Any CPU
		{7263D4BD-FCD4-457B-8C47-49CE8FBE3CFA}.Debug|Any CPU.ActiveCfg = Debug|Any CPU
		{7263D4BD-FCD4-457B-8C47-49CE8FBE3CFA}.Debug|Any CPU.Build.0 = Debug|Any CPU
		{7263D4BD-FCD4-457B-8C47-49CE8FBE3CFA}.Release|Any CPU.ActiveCfg = Release|Any CPU
		{7263D4BD-FCD4-457B-8C47-49CE8FBE3CFA}.Release|Any CPU.Build.0 = Release|Any CPU
	EndGlobalSection
	GlobalSection(SolutionProperties) = preSolution
		HideSolutionNode = FALSE
	EndGlobalSection
	GlobalSection(ExtensibilityGlobals) = postSolution
		SolutionGuid = {445871DE-DCFA-43AC-BC09-4A8876A42E0F}
	EndGlobalSection
EndGlobal
